
Microsoft Visual Studio Solution File, Format Version 12.00
# Visual Studio Version 16
VisualStudioVersion = 16.0.29920.165
MinimumVisualStudioVersion = 10.0.40219.1
Project("{FAE04EC0-301F-11D3-BF4B-00C04F79EFBC}") = "Cw3", "Cw3\Cw3.csproj", "{FA60F127-07CE-47CA-9FA2-C36BEBA0DA8B}"
EndProject
Global
	GlobalSection(SolutionConfigurationPlatforms) = preSolution
		Debug|Any CPU = Debug|Any CPU
		Release|Any CPU = Release|Any CPU
	EndGlobalSection
	GlobalSection(ProjectConfigurationPlatforms) = postSolution
		{FA60F127-07CE-47CA-9FA2-C36BEBA0DA8B}.Debug|Any CPU.ActiveCfg = Debug|Any CPU
		{FA60F127-07CE-47CA-9FA2-C36BEBA0DA8B}.Debug|Any CPU.Build.0 = Debug|Any CPU
		{FA60F127-07CE-47CA-9FA2-C36BEBA0DA8B}.Release|Any CPU.ActiveCfg = Release|Any CPU
		{FA60F127-07CE-47CA-9FA2-C36BEBA0DA8B}.Release|Any CPU.Build.0 = Release|Any CPU
	EndGlobalSection
	GlobalSection(SolutionProperties) = preSolution
		HideSolutionNode = FALSE
	EndGlobalSection
	GlobalSection(ExtensibilityGlobals) = postSolution
		SolutionGuid = {8D550F71-1BB4-43B7-B8BA-30C566684787}
	EndGlobalSection
EndGlobal
